
Microsoft Visual Studio Solution File, Format Version 12.00
# Visual Studio Version 16
VisualStudioVersion = 16.0.32802.440
MinimumVisualStudioVersion = 10.0.40219.1
Project("{FAE04EC0-301F-11D3-BF4B-00C04F79EFBC}") = "BookAPI", "BookAPI\BookAPI.csproj", "{C5A36DD2-A9DA-4050-9E37-D37C1CAA57D4}"
EndProject
Global
	GlobalSection(SolutionConfigurationPlatforms) = preSolution
		Debug|Any CPU = Debug|Any CPU
		Release|Any CPU = Release|Any CPU
	EndGlobalSection
	GlobalSection(ProjectConfigurationPlatforms) = postSolution
		{C5A36DD2-A9DA-4050-9E37-D37C1CAA57D4}.Debug|Any CPU.ActiveCfg = Debug|Any CPU
		{C5A36DD2-A9DA-4050-9E37-D37C1CAA57D4}.Debug|Any CPU.Build.0 = Debug|Any CPU
		{C5A36DD2-A9DA-4050-9E37-D37C1CAA57D4}.Release|Any CPU.ActiveCfg = Release|Any CPU
		{C5A36DD2-A9DA-4050-9E37-D37C1CAA57D4}.Release|Any CPU.Build.0 = Release|Any CPU
	EndGlobalSection
	GlobalSection(SolutionProperties) = preSolution
		HideSolutionNode = FALSE
	EndGlobalSection
	GlobalSection(ExtensibilityGlobals) = postSolution
		SolutionGuid = {82F404C1-B79E-496D-AB51-43D0733704C6}
	EndGlobalSection
EndGlobal
